
Microsoft Visual Studio Solution File, Format Version 12.00
Project("{FAE04EC0-301F-11D3-BF4B-00C04F79EFBC}") = "_11_OddOrEven", "_11_OddOrEven\_11_OddOrEven.csproj", "{C027B0D4-F4D6-460A-9CF8-F58D7C4435EF}"
EndProject
Global
	GlobalSection(SolutionConfigurationPlatforms) = preSolution
		Debug|Any CPU = Debug|Any CPU
		Release|Any CPU = Release|Any CPU
	EndGlobalSection
	GlobalSection(ProjectConfigurationPlatforms) = postSolution
		{C027B0D4-F4D6-460A-9CF8-F58D7C4435EF}.Debug|Any CPU.ActiveCfg = Debug|Any CPU
		{C027B0D4-F4D6-460A-9CF8-F58D7C4435EF}.Debug|Any CPU.Build.0 = Debug|Any CPU
		{C027B0D4-F4D6-460A-9CF8-F58D7C4435EF}.Release|Any CPU.ActiveCfg = Release|Any CPU
		{C027B0D4-F4D6-460A-9CF8-F58D7C4435EF}.Release|Any CPU.Build.0 = Release|Any CPU
	EndGlobalSection
EndGlobal
