
Microsoft Visual Studio Solution File, Format Version 12.00
Project("{FAE04EC0-301F-11D3-BF4B-00C04F79EFBC}") = "_22_ATM", "_22_ATM\_22_ATM.csproj", "{A46A205A-BCB0-4774-87D8-2CECEF661445}"
EndProject
Global
	GlobalSection(SolutionConfigurationPlatforms) = preSolution
		Debug|Any CPU = Debug|Any CPU
		Release|Any CPU = Release|Any CPU
	EndGlobalSection
	GlobalSection(ProjectConfigurationPlatforms) = postSolution
		{A46A205A-BCB0-4774-87D8-2CECEF661445}.Debug|Any CPU.ActiveCfg = Debug|Any CPU
		{A46A205A-BCB0-4774-87D8-2CECEF661445}.Debug|Any CPU.Build.0 = Debug|Any CPU
		{A46A205A-BCB0-4774-87D8-2CECEF661445}.Release|Any CPU.ActiveCfg = Release|Any CPU
		{A46A205A-BCB0-4774-87D8-2CECEF661445}.Release|Any CPU.Build.0 = Release|Any CPU
	EndGlobalSection
EndGlobal
